// !$*UTF8*$!
{
	archiveVersion = 1;
	classes = {
	};
	objectVersion = 46;
	objects = {

/* Begin PBXBuildFile section */
		AFFF21911EAEF23700F9C755 /* AppDelegate.swift in Sources */ = {isa = PBXBuildFile; fileRef = AFFF21901EAEF23700F9C755 /* AppDelegate.swift */; };
		AFFF21931EAEF23700F9C755 /* ViewController.swift in Sources */ = {isa = PBXBuildFile; fileRef = AFFF21921EAEF23700F9C755 /* ViewController.swift */; };
		AFFF21961EAEF23700F9C755 /* Main.storyboard in Resources */ = {isa = PBXBuildFile; fileRef = AFFF21941EAEF23700F9C755 /* Main.storyboard */; };
		AFFF21981EAEF23700F9C755 /* Assets.xcassets in Resources */ = {isa = PBXBuildFile; fileRef = AFFF21971EAEF23700F9C755 /* Assets.xcassets */; };
		AFFF219B1EAEF23700F9C755 /* LaunchScreen.storyboard in Resources */ = {isa = PBXBuildFile; fileRef = AFFF21991EAEF23700F9C755 /* LaunchScreen.storyboard */; };
		AFFF21A91EAEF91800F9C755 /* TblViewControllerTrips.swift in Sources */ = {isa = PBXBuildFile; fileRef = AFFF21A81EAEF91800F9C755 /* TblViewControllerTrips.swift */; };
		AFFF21AB1EAEF93300F9C755 /* TbleViewControllerTripInfo.swift in Sources */ = {isa = PBXBuildFile; fileRef = AFFF21AA1EAEF93300F9C755 /* TbleViewControllerTripInfo.swift */; };
		AFFF21B11EAF0F7100F9C755 /* Trip.swift in Sources */ = {isa = PBXBuildFile; fileRef = AFFF21B01EAF0F7100F9C755 /* Trip.swift */; };
		AFFF21B41EAF430F00F9C755 /* MapKit.framework in Frameworks */ = {isa = PBXBuildFile; fileRef = AFFF21B31EAF430F00F9C755 /* MapKit.framework */; };
		AFFF21B61EAF44A100F9C755 /* TripsMapViewController.swift in Sources */ = {isa = PBXBuildFile; fileRef = AFFF21B51EAF44A100F9C755 /* TripsMapViewController.swift */; };
		AFFF21BA1EAF47D000F9C755 /* TripAnnotation.swift in Sources */ = {isa = PBXBuildFile; fileRef = AFFF21B91EAF47D000F9C755 /* TripAnnotation.swift */; };
		AFFF21BC1EAF513A00F9C755 /* LocationService.swift in Sources */ = {isa = PBXBuildFile; fileRef = AFFF21BB1EAF513A00F9C755 /* LocationService.swift */; };
/* End PBXBuildFile section */

/* Begin PBXFileReference section */
		AFFF218D1EAEF23700F9C755 /* Trip Gallery.app */ = {isa = PBXFileReference; explicitFileType = wrapper.application; includeInIndex = 0; path = "Trip Gallery.app"; sourceTree = BUILT_PRODUCTS_DIR; };
		AFFF21901EAEF23700F9C755 /* AppDelegate.swift */ = {isa = PBXFileReference; lastKnownFileType = sourcecode.swift; path = AppDelegate.swift; sourceTree = "<group>"; };
		AFFF21921EAEF23700F9C755 /* ViewController.swift */ = {isa = PBXFileReference; lastKnownFileType = sourcecode.swift; path = ViewController.swift; sourceTree = "<group>"; };
		AFFF21951EAEF23700F9C755 /* Base */ = {isa = PBXFileReference; lastKnownFileType = file.storyboard; name = Base; path = Base.lproj/Main.storyboard; sourceTree = "<group>"; };
		AFFF21971EAEF23700F9C755 /* Assets.xcassets */ = {isa = PBXFileReference; lastKnownFileType = folder.assetcatalog; path = Assets.xcassets; sourceTree = "<group>"; };
		AFFF219A1EAEF23700F9C755 /* Base */ = {isa = PBXFileReference; lastKnownFileType = file.storyboard; name = Base; path = Base.lproj/LaunchScreen.storyboard; sourceTree = "<group>"; };
		AFFF219C1EAEF23700F9C755 /* Info.plist */ = {isa = PBXFileReference; lastKnownFileType = text.plist.xml; path = Info.plist; sourceTree = "<group>"; };
		AFFF21A81EAEF91800F9C755 /* TblViewControllerTrips.swift */ = {isa = PBXFileReference; fileEncoding = 4; lastKnownFileType = sourcecode.swift; path = TblViewControllerTrips.swift; sourceTree = "<group>"; };
		AFFF21AA1EAEF93300F9C755 /* TbleViewControllerTripInfo.swift */ = {isa = PBXFileReference; fileEncoding = 4; lastKnownFileType = sourcecode.swift; path = TbleViewControllerTripInfo.swift; sourceTree = "<group>"; };
		AFFF21B01EAF0F7100F9C755 /* Trip.swift */ = {isa = PBXFileReference; fileEncoding = 4; lastKnownFileType = sourcecode.swift; path = Trip.swift; sourceTree = "<group>"; };
		AFFF21B31EAF430F00F9C755 /* MapKit.framework */ = {isa = PBXFileReference; lastKnownFileType = wrapper.framework; name = MapKit.framework; path = System/Library/Frameworks/MapKit.framework; sourceTree = SDKROOT; };
		AFFF21B51EAF44A100F9C755 /* TripsMapViewController.swift */ = {isa = PBXFileReference; fileEncoding = 4; lastKnownFileType = sourcecode.swift; path = TripsMapViewController.swift; sourceTree = "<group>"; };
		AFFF21B91EAF47D000F9C755 /* TripAnnotation.swift */ = {isa = PBXFileReference; fileEncoding = 4; lastKnownFileType = sourcecode.swift; path = TripAnnotation.swift; sourceTree = "<group>"; };
		AFFF21BB1EAF513A00F9C755 /* LocationService.swift */ = {isa = PBXFileReference; fileEncoding = 4; lastKnownFileType = sourcecode.swift; path = LocationService.swift; sourceTree = "<group>"; };
/* End PBXFileReference section */

/* Begin PBXFrameworksBuildPhase section */
		AFFF218A1EAEF23700F9C755 /* Frameworks */ = {
			isa = PBXFrameworksBuildPhase;
			buildActionMask = 2147483647;
			files = (
				AFFF21B41EAF430F00F9C755 /* MapKit.framework in Frameworks */,
			);
			runOnlyForDeploymentPostprocessing = 0;
		};
/* End PBXFrameworksBuildPhase section */

/* Begin PBXGroup section */
		AFFF21841EAEF23700F9C755 = {
			isa = PBXGroup;
			children = (
				AFFF218F1EAEF23700F9C755 /* Trip Gallery */,
				AFFF218E1EAEF23700F9C755 /* Products */,
				AFFF21B21EAF430F00F9C755 /* Frameworks */,
			);
			sourceTree = "<group>";
		};
		AFFF218E1EAEF23700F9C755 /* Products */ = {
			isa = PBXGroup;
			children = (
				AFFF218D1EAEF23700F9C755 /* Trip Gallery.app */,
			);
			name = Products;
			sourceTree = "<group>";
		};
		AFFF218F1EAEF23700F9C755 /* Trip Gallery */ = {
			isa = PBXGroup;
			children = (
				AFFF21901EAEF23700F9C755 /* AppDelegate.swift */,
				AFFF21921EAEF23700F9C755 /* ViewController.swift */,
				AFFF21941EAEF23700F9C755 /* Main.storyboard */,
				AFFF21971EAEF23700F9C755 /* Assets.xcassets */,
				AFFF21991EAEF23700F9C755 /* LaunchScreen.storyboard */,
				AFFF219C1EAEF23700F9C755 /* Info.plist */,
				AFFF21A81EAEF91800F9C755 /* TblViewControllerTrips.swift */,
				AFFF21AA1EAEF93300F9C755 /* TbleViewControllerTripInfo.swift */,
				AFFF21B01EAF0F7100F9C755 /* Trip.swift */,
				AFFF21B51EAF44A100F9C755 /* TripsMapViewController.swift */,
				AFFF21B91EAF47D000F9C755 /* TripAnnotation.swift */,
				AFFF21BB1EAF513A00F9C755 /* LocationService.swift */,
			);
			path = "Trip Gallery";
			sourceTree = "<group>";
		};
		AFFF21B21EAF430F00F9C755 /* Frameworks */ = {
			isa = PBXGroup;
			children = (
				AFFF21B31EAF430F00F9C755 /* MapKit.framework */,
			);
			name = Frameworks;
			sourceTree = "<group>";
		};
/* End PBXGroup section */

/* Begin PBXNativeTarget section */
		AFFF218C1EAEF23700F9C755 /* Trip Gallery */ = {
			isa = PBXNativeTarget;
			buildConfigurationList = AFFF219F1EAEF23700F9C755 /* Build configuration list for PBXNativeTarget "Trip Gallery" */;
			buildPhases = (
				AFFF21891EAEF23700F9C755 /* Sources */,
				AFFF218A1EAEF23700F9C755 /* Frameworks */,
				AFFF218B1EAEF23700F9C755 /* Resources */,
			);
			buildRules = (
			);
			dependencies = (
			);
			name = "Trip Gallery";
			productName = "Trip Gallery";
			productReference = AFFF218D1EAEF23700F9C755 /* Trip Gallery.app */;
			productType = "com.apple.product-type.application";
		};
/* End PBXNativeTarget section */

/* Begin PBXProject section */
		AFFF21851EAEF23700F9C755 /* Project object */ = {
			isa = PBXProject;
			attributes = {
				LastSwiftUpdateCheck = 0820;
				LastUpgradeCheck = 0820;
				ORGANIZATIONNAME = Deakin;
				TargetAttributes = {
					AFFF218C1EAEF23700F9C755 = {
						CreatedOnToolsVersion = 8.2.1;
						DevelopmentTeam = 24SM6522LU;
						ProvisioningStyle = Automatic;
						SystemCapabilities = {
							com.apple.Maps.iOS = {
								enabled = 1;
							};
						};
					};
				};
			};
			buildConfigurationList = AFFF21881EAEF23700F9C755 /* Build configuration list for PBXProject "Trip Gallery" */;
			compatibilityVersion = "Xcode 3.2";
			developmentRegion = English;
			hasScannedForEncodings = 0;
			knownRegions = (
				en,
				Base,
			);
			mainGroup = AFFF21841EAEF23700F9C755;
			productRefGroup = AFFF218E1EAEF23700F9C755 /* Products */;
			projectDirPath = "";
			projectRoot = "";
			targets = (
				AFFF218C1EAEF23700F9C755 /* Trip Gallery */,
			);
		};
/* End PBXProject section */

/* Begin PBXResourcesBuildPhase section */
		AFFF218B1EAEF23700F9C755 /* Resources */ = {
			isa = PBXResourcesBuildPhase;
			buildActionMask = 2147483647;
			files = (
				AFFF219B1EAEF23700F9C755 /* LaunchScreen.storyboard in Resources */,
				AFFF21981EAEF23700F9C755 /* Assets.xcassets in Resources */,
				AFFF21961EAEF23700F9C755 /* Main.storyboard in Resources */,
			);
			runOnlyForDeploymentPostprocessing = 0;
		};
/* End PBXResourcesBuildPhase section */

/* Begin PBXSourcesBuildPhase section */
		AFFF21891EAEF23700F9C755 /* Sources */ = {
			isa = PBXSourcesBuildPhase;
			buildActionMask = 2147483647;
			files = (
				AFFF21BA1EAF47D000F9C755 /* TripAnnotation.swift in Sources */,
				AFFF21B61EAF44A100F9C755 /* TripsMapViewController.swift in Sources */,
				AFFF21BC1EAF513A00F9C755 /* LocationService.swift in Sources */,
				AFFF21B11EAF0F7100F9C755 /* Trip.swift in Sources */,
				AFFF21AB1EAEF93300F9C755 /* TbleViewControllerTripInfo.swift in Sources */,
				AFFF21A91EAEF91800F9C755 /* TblViewControllerTrips.swift in Sources */,
				AFFF21931EAEF23700F9C755 /* ViewController.swift in Sources */,
				AFFF21911EAEF23700F9C755 /* AppDelegate.swift in Sources */,
			);
			runOnlyForDeploymentPostprocessing = 0;
		};
/* End PBXSourcesBuildPhase section */

/* Begin PBXVariantGroup section */
		AFFF21941EAEF23700F9C755 /* Main.storyboard */ = {
			isa = PBXVariantGroup;
			children = (
				AFFF21951EAEF23700F9C755 /* Base */,
			);
			name = Main.storyboard;
			sourceTree = "<group>";
		};
		AFFF21991EAEF23700F9C755 /* LaunchScreen.storyboard */ = {
			isa = PBXVariantGroup;
			children = (
				AFFF219A1EAEF23700F9C755 /* Base */,
			);
			name = LaunchScreen.storyboard;
			sourceTree = "<group>";
		};
/* End PBXVariantGroup section */

/* Begin XCBuildConfiguration section */
		AFFF219D1EAEF23700F9C755 /* Debug */ = {
			isa = XCBuildConfiguration;
			buildSettings = {
				ALWAYS_SEARCH_USER_PATHS = NO;
				CLANG_ANALYZER_NONNULL = YES;
				CLANG_CXX_LANGUAGE_STANDARD = "gnu++0x";
				CLANG_CXX_LIBRARY = "libc++";
				CLANG_ENABLE_MODULES = YES;
				CLANG_ENABLE_OBJC_ARC = YES;
				CLANG_WARN_BOOL_CONVERSION = YES;
				CLANG_WARN_CONSTANT_CONVERSION = YES;
				CLANG_WARN_DIRECT_OBJC_ISA_USAGE = YES_ERROR;
				CLANG_WARN_DOCUMENTATION_COMMENTS = YES;
				CLANG_WARN_EMPTY_BODY = YES;
				CLANG_WARN_ENUM_CONVERSION = YES;
				CLANG_WARN_INFINITE_RECURSION = YES;
				CLANG_WARN_INT_CONVERSION = YES;
				CLANG_WARN_OBJC_ROOT_CLASS = YES_ERROR;
				CLANG_WARN_SUSPICIOUS_MOVE = YES;
				CLANG_WARN_UNREACHABLE_CODE = YES;
				CLANG_WARN__DUPLICATE_METHOD_MATCH = YES;
				"CODE_SIGN_IDENTITY[sdk=iphoneos*]" = "iPhone Developer";
				COPY_PHASE_STRIP = NO;
				DEBUG_INFORMATION_FORMAT = dwarf;
				ENABLE_STRICT_OBJC_MSGSEND = YES;
				ENABLE_TESTABILITY = YES;
				GCC_C_LANGUAGE_STANDARD = gnu99;
				GCC_DYNAMIC_NO_PIC = NO;
				GCC_NO_COMMON_BLOCKS = YES;
				GCC_OPTIMIZATION_LEVEL = 0;
				GCC_PREPROCESSOR_DEFINITIONS = (
					"DEBUG=1",
					"$(inherited)",
				);
				GCC_WARN_64_TO_32_BIT_CONVERSION = YES;
				GCC_WARN_ABOUT_RETURN_TYPE = YES_ERROR;
				GCC_WARN_UNDECLARED_SELECTOR = YES;
				GCC_WARN_UNINITIALIZED_AUTOS = YES_AGGRESSIVE;
				GCC_WARN_UNUSED_FUNCTION = YES;
				GCC_WARN_UNUSED_VARIABLE = YES;
				IPHONEOS_DEPLOYMENT_TARGET = 10.2;
				MTL_ENABLE_DEBUG_INFO = YES;
				ONLY_ACTIVE_ARCH = YES;
				SDKROOT = iphoneos;
				SWIFT_ACTIVE_COMPILATION_CONDITIONS = DEBUG;
				SWIFT_OPTIMIZATION_LEVEL = "-Onone";
			};
			name = Debug;
		};
		AFFF219E1EAEF23700F9C755 /* Release */ = {
			isa = XCBuildConfiguration;
			buildSettings = {
				ALWAYS_SEARCH_USER_PATHS = NO;
				CLANG_ANALYZER_NONNULL = YES;
				CLANG_CXX_LANGUAGE_STANDARD = "gnu++0x";
				CLANG_CXX_LIBRARY = "libc++";
				CLANG_ENABLE_MODULES = YES;
				CLANG_ENABLE_OBJC_ARC = YES;
				CLANG_WARN_BOOL_CONVERSION = YES;
				CLANG_WARN_CONSTANT_CONVERSION = YES;
				CLANG_WARN_DIRECT_OBJC_ISA_USAGE = YES_ERROR;
				CLANG_WARN_DOCUMENTATION_COMMENTS = YES;
				CLANG_WARN_EMPTY_BODY = YES;
				CLANG_WARN_ENUM_CONVERSION = YES;
				CLANG_WARN_INFINITE_RECURSION = YES;
				CLANG_WARN_INT_CONVERSION = YES;
				CLANG_WARN_OBJC_ROOT_CLASS = YES_ERROR;
				CLANG_WARN_SUSPICIOUS_MOVE = YES;
				CLANG_WARN_UNREACHABLE_CODE = YES;
				CLANG_WARN__DUPLICATE_METHOD_MATCH = YES;
				"CODE_SIGN_IDENTITY[sdk=iphoneos*]" = "iPhone Developer";
				COPY_PHASE_STRIP = NO;
				DEBUG_INFORMATION_FORMAT = "dwarf-with-dsym";
				ENABLE_NS_ASSERTIONS = NO;
				ENABLE_STRICT_OBJC_MSGSEND = YES;
				GCC_C_LANGUAGE_STANDARD = gnu99;
				GCC_NO_COMMON_BLOCKS = YES;
				GCC_WARN_64_TO_32_BIT_CONVERSION = YES;
				GCC_WARN_ABOUT_RETURN_TYPE = YES_ERROR;
				GCC_WARN_UNDECLARED_SELECTOR = YES;
				GCC_WARN_UNINITIALIZED_AUTOS = YES_AGGRESSIVE;
				GCC_WARN_UNUSED_FUNCTION = YES;
				GCC_WARN_UNUSED_VARIABLE = YES;
				IPHONEOS_DEPLOYMENT_TARGET = 10.2;
				MTL_ENABLE_DEBUG_INFO = NO;
				SDKROOT = iphoneos;
				SWIFT_OPTIMIZATION_LEVEL = "-Owholemodule";
				VALIDATE_PRODUCT = YES;
			};
			name = Release;
		};
		AFFF21A01EAEF23700F9C755 /* Debug */ = {
			isa = XCBuildConfiguration;
			buildSettings = {
				ASSETCATALOG_COMPILER_APPICON_NAME = AppIcon;
				DEVELOPMENT_TEAM = 24SM6522LU;
				INFOPLIST_FILE = "Trip Gallery/Info.plist";
				LD_RUNPATH_SEARCH_PATHS = "$(inherited) @executable_path/Frameworks";
				PRODUCT_BUNDLE_IDENTIFIER = "deakin.Trip-Gallery";
				PRODUCT_NAME = "$(TARGET_NAME)";
				SWIFT_VERSION = 3.0;
			};
			name = Debug;
		};
		AFFF21A11EAEF23700F9C755 /* Release */ = {
			isa = XCBuildConfiguration;
			buildSettings = {
				ASSETCATALOG_COMPILER_APPICON_NAME = AppIcon;
				DEVELOPMENT_TEAM = 24SM6522LU;
				INFOPLIST_FILE = "Trip Gallery/Info.plist";
				LD_RUNPATH_SEARCH_PATHS = "$(inherited) @executable_path/Frameworks";
				PRODUCT_BUNDLE_IDENTIFIER = "deakin.Trip-Gallery";
				PRODUCT_NAME = "$(TARGET_NAME)";
				SWIFT_VERSION = 3.0;
			};
			name = Release;
		};
/* End XCBuildConfiguration section */

/* Begin XCConfigurationList section */
		AFFF21881EAEF23700F9C755 /* Build configuration list for PBXProject "Trip Gallery" */ = {
			isa = XCConfigurationList;
			buildConfigurations = (
				AFFF219D1EAEF23700F9C755 /* Debug */,
				AFFF219E1EAEF23700F9C755 /* Release */,
			);
			defaultConfigurationIsVisible = 0;
			defaultConfigurationName = Release;
		};
		AFFF219F1EAEF23700F9C755 /* Build configuration list for PBXNativeTarget "Trip Gallery" */ = {
			isa = XCConfigurationList;
			buildConfigurations = (
				AFFF21A01EAEF23700F9C755 /* Debug */,
				AFFF21A11EAEF23700F9C755 /* Release */,
			);
			defaultConfigurationIsVisible = 0;
		};
/* End XCConfigurationList section */
	};
	rootObject = AFFF21851EAEF23700F9C755 /* Project object */;
}
